Microsoft Visual Studio Solution File, Format Version 12.00
# Visual Studio Version 17
VisualStudioVersion = 17.7.34024.191
MinimumVisualStudioVersion = 10.0.40219.1
Project("{FAE04EC0-301F-11D3-BF4B-00C04F79EFBC}") = "GuiMT", "GuiMT\GuiMT.csproj", "{83EFEB88-E79E-4717-AF8C-ACDD95F37EE6}"
EndProject
Project("{FAE04EC0-301F-11D3-BF4B-00C04F79EFBC}") = "GuiMT_Net6", "GuiMT_Net6\GuiMT_Net6.csproj", "{1F61D7B8-8589-4183-B7CC-BC1E213FE485}"
EndProject
Global
	GlobalSection(SolutionConfigurationPlatforms) = preSolution
		Debug|Any CPU = Debug|Any CPU
		Release|Any CPU = Release|Any CPU
	EndGlobalSection
	GlobalSection(ProjectConfigurationPlatforms) = postSolution
		{83EFEB88-E79E-4717-AF8C-ACDD95F37EE6}.Debug|Any CPU.ActiveCfg = Debug|Any CPU
		{83EFEB88-E79E-4717-AF8C-ACDD95F37EE6}.Debug|Any CPU.Build.0 = Debug|Any CPU
		{83EFEB88-E79E-4717-AF8C-ACDD95F37EE6}.Release|Any CPU.ActiveCfg = Release|Any CPU
		{83EFEB88-E79E-4717-AF8C-ACDD95F37EE6}.Release|Any CPU.Build.0 = Release|Any CPU
		{1F61D7B8-8589-4183-B7CC-BC1E213FE485}.Debug|Any CPU.ActiveCfg = Debug|Any CPU
		{1F61D7B8-8589-4183-B7CC-BC1E213FE485}.Debug|Any CPU.Build.0 = Debug|Any CPU
		{1F61D7B8-8589-4183-B7CC-BC1E213FE485}.Release|Any CPU.ActiveCfg = Release|Any CPU
		{1F61D7B8-8589-4183-B7CC-BC1E213FE485}.Release|Any CPU.Build.0 = Release|Any CPU
	EndGlobalSection
	GlobalSection(SolutionProperties) = preSolution
		HideSolutionNode = FALSE
	EndGlobalSection
	GlobalSection(ExtensibilityGlobals) = postSolution
		SolutionGuid = {E8692B08-159F-433B-B4D8-5757F35E8F6E}
	EndGlobalSection
EndGlobal
